// !$*UTF8*$!
{
	archiveVersion = 1;
	classes = {
	};
	objectVersion = 56;
	objects = {

/* Begin PBXBuildFile section */
		B00153442B61702600560D38 /* HomeView.swift in Sources */ = {isa = PBXBuildFile; fileRef = B00153432B61702600560D38 /* HomeView.swift */; };
		B00153472B61AD3F00560D38 /* Launch Screen.storyboard in Resources */ = {isa = PBXBuildFile; fileRef = B00153462B61AD3F00560D38 /* Launch Screen.storyboard */; };
		B001DF742B61B9B70074155E /* Tab.swift in Sources */ = {isa = PBXBuildFile; fileRef = B001DF732B61B9B70074155E /* Tab.swift */; };
		B048490D2B6B270D003F8CF4 /* EmergencyView.swift in Sources */ = {isa = PBXBuildFile; fileRef = B048490C2B6B270D003F8CF4 /* EmergencyView.swift */; };
		B048490F2B6B32A3003F8CF4 /* User.swift in Sources */ = {isa = PBXBuildFile; fileRef = B048490E2B6B32A3003F8CF4 /* User.swift */; };
		B04E89FB2B8094A80005A2C4 /* FirebaseAnalytics in Frameworks */ = {isa = PBXBuildFile; productRef = B04E89FA2B8094A80005A2C4 /* FirebaseAnalytics */; };
		B04E89FD2B8094A80005A2C4 /* FirebaseAnalyticsOnDeviceConversion in Frameworks */ = {isa = PBXBuildFile; productRef = B04E89FC2B8094A80005A2C4 /* FirebaseAnalyticsOnDeviceConversion */; };
		B04E89FF2B8094A80005A2C4 /* FirebaseAnalyticsSwift in Frameworks */ = {isa = PBXBuildFile; productRef = B04E89FE2B8094A80005A2C4 /* FirebaseAnalyticsSwift */; };
		B04E8A012B8094A80005A2C4 /* FirebaseAnalyticsWithoutAdIdSupport in Frameworks */ = {isa = PBXBuildFile; productRef = B04E8A002B8094A80005A2C4 /* FirebaseAnalyticsWithoutAdIdSupport */; };
		B04E8A032B8094A80005A2C4 /* FirebaseAppCheck in Frameworks */ = {isa = PBXBuildFile; productRef = B04E8A022B8094A80005A2C4 /* FirebaseAppCheck */; };
		B055ECBD2B71748000F3AEDC /* MediaType.swift in Sources */ = {isa = PBXBuildFile; fileRef = B055ECBC2B71748000F3AEDC /* MediaType.swift */; };
		B055ECBF2B7174AF00F3AEDC /* MediaContent.swift in Sources */ = {isa = PBXBuildFile; fileRef = B055ECBE2B7174AF00F3AEDC /* MediaContent.swift */; };
		B055ECC12B71757800F3AEDC /* Post.swift in Sources */ = {isa = PBXBuildFile; fileRef = B055ECC02B71757800F3AEDC /* Post.swift */; };
		B05848502B809BAE009E6452 /* GoogleService-Info.plist in Resources */ = {isa = PBXBuildFile; fileRef = B058484F2B809BAE009E6452 /* GoogleService-Info.plist */; };
		B084E91C2B67917A00608FE0 /* TestView.swift in Sources */ = {isa = PBXBuildFile; fileRef = B084E91B2B67917A00608FE0 /* TestView.swift */; };
		B0C18D192B586D8400C3D373 /* VIHve_LibreApp.swift in Sources */ = {isa = PBXBuildFile; fileRef = B0C18D182B586D8400C3D373 /* VIHve_LibreApp.swift */; };
		B0C18D1B2B586D8400C3D373 /* ContentView.swift in Sources */ = {isa = PBXBuildFile; fileRef = B0C18D1A2B586D8400C3D373 /* ContentView.swift */; };
		B0C18D1D2B586D8400C3D373 /* Item.swift in Sources */ = {isa = PBXBuildFile; fileRef = B0C18D1C2B586D8400C3D373 /* Item.swift */; };
		B0C18D1F2B586D8500C3D373 /* Assets.xcassets in Resources */ = {isa = PBXBuildFile; fileRef = B0C18D1E2B586D8500C3D373 /* Assets.xcassets */; };
		B0C18D222B586D8500C3D373 /* Preview Assets.xcassets in Resources */ = {isa = PBXBuildFile; fileRef = B0C18D212B586D8500C3D373 /* Preview Assets.xcassets */; };
		B0CA6C532B63E0DE001FDB43 /* AddUserView.swift in Sources */ = {isa = PBXBuildFile; fileRef = B0CA6C522B63E0DE001FDB43 /* AddUserView.swift */; };
/* End PBXBuildFile section */

/* Begin PBXCopyFilesBuildPhase section */
		B06DA01E2B635B0600EFA64E /* Embed Frameworks */ = {
			isa = PBXCopyFilesBuildPhase;
			buildActionMask = 2147483647;
			dstPath = "";
			dstSubfolderSpec = 10;
			files = (
			);
			name = "Embed Frameworks";
			runOnlyForDeploymentPostprocessing = 0;
		};
/* End PBXCopyFilesBuildPhase section */

/* Begin PBXFileReference section */
		B00153432B61702600560D38 /* HomeView.swift */ = {isa = PBXFileReference; lastKnownFileType = sourcecode.swift; path = HomeView.swift; sourceTree = "<group>"; };
		B00153462B61AD3F00560D38 /* Launch Screen.storyboard */ = {isa = PBXFileReference; lastKnownFileType = file.storyboard; path = "Launch Screen.storyboard"; sourceTree = "<group>"; };
		B001DF732B61B9B70074155E /* Tab.swift */ = {isa = PBXFileReference; lastKnownFileType = sourcecode.swift; path = Tab.swift; sourceTree = "<group>"; };
		B048490C2B6B270D003F8CF4 /* EmergencyView.swift */ = {isa = PBXFileReference; lastKnownFileType = sourcecode.swift; path = EmergencyView.swift; sourceTree = "<group>"; };
		B048490E2B6B32A3003F8CF4 /* User.swift */ = {isa = PBXFileReference; lastKnownFileType = sourcecode.swift; path = User.swift; sourceTree = "<group>"; };
		B055ECBC2B71748000F3AEDC /* MediaType.swift */ = {isa = PBXFileReference; lastKnownFileType = sourcecode.swift; path = MediaType.swift; sourceTree = "<group>"; };
		B055ECBE2B7174AF00F3AEDC /* MediaContent.swift */ = {isa = PBXFileReference; lastKnownFileType = sourcecode.swift; path = MediaContent.swift; sourceTree = "<group>"; };
		B055ECC02B71757800F3AEDC /* Post.swift */ = {isa = PBXFileReference; lastKnownFileType = sourcecode.swift; path = Post.swift; sourceTree = "<group>"; };
		B058484F2B809BAE009E6452 /* GoogleService-Info.plist */ = {isa = PBXFileReference; fileEncoding = 4; lastKnownFileType = text.plist.xml; name = "GoogleService-Info.plist"; path = "../../../../Downloads/GoogleService-Info.plist"; sourceTree = "<group>"; };
		B084E91B2B67917A00608FE0 /* TestView.swift */ = {isa = PBXFileReference; lastKnownFileType = sourcecode.swift; path = TestView.swift; sourceTree = "<group>"; };
		B0C18D152B586D8400C3D373 /* VIHveLibre.app */ = {isa = PBXFileReference; explicitFileType = wrapper.application; includeInIndex = 0; path = VIHveLibre.app; sourceTree = BUILT_PRODUCTS_DIR; };
		B0C18D182B586D8400C3D373 /* VIHve_LibreApp.swift */ = {isa = PBXFileReference; lastKnownFileType = sourcecode.swift; path = VIHve_LibreApp.swift; sourceTree = "<group>"; };
		B0C18D1A2B586D8400C3D373 /* ContentView.swift */ = {isa = PBXFileReference; lastKnownFileType = sourcecode.swift; path = ContentView.swift; sourceTree = "<group>"; };
		B0C18D1C2B586D8400C3D373 /* Item.swift */ = {isa = PBXFileReference; lastKnownFileType = sourcecode.swift; path = Item.swift; sourceTree = "<group>"; };
		B0C18D1E2B586D8500C3D373 /* Assets.xcassets */ = {isa = PBXFileReference; lastKnownFileType = folder.assetcatalog; path = Assets.xcassets; sourceTree = "<group>"; };
		B0C18D212B586D8500C3D373 /* Preview Assets.xcassets */ = {isa = PBXFileReference; lastKnownFileType = folder.assetcatalog; path = "Preview Assets.xcassets"; sourceTree = "<group>"; };
		B0CA6C522B63E0DE001FDB43 /* AddUserView.swift */ = {isa = PBXFileReference; lastKnownFileType = sourcecode.swift; path = AddUserView.swift; sourceTree = "<group>"; };
/* End PBXFileReference section */

/* Begin PBXFrameworksBuildPhase section */
		B0C18D122B586D8400C3D373 /* Frameworks */ = {
			isa = PBXFrameworksBuildPhase;
			buildActionMask = 2147483647;
			files = (
				B04E89FF2B8094A80005A2C4 /* FirebaseAnalyticsSwift in Frameworks */,
				B04E89FB2B8094A80005A2C4 /* FirebaseAnalytics in Frameworks */,
				B04E89FD2B8094A80005A2C4 /* FirebaseAnalyticsOnDeviceConversion in Frameworks */,
				B04E8A032B8094A80005A2C4 /* FirebaseAppCheck in Frameworks */,
				B04E8A012B8094A80005A2C4 /* FirebaseAnalyticsWithoutAdIdSupport in Frameworks */,
			);
			runOnlyForDeploymentPostprocessing = 0;
		};
/* End PBXFrameworksBuildPhase section */

/* Begin PBXGroup section */
		B00153452B61703500560D38 /* View */ = {
			isa = PBXGroup;
			children = (
				B0C18D1A2B586D8400C3D373 /* ContentView.swift */,
				B00153432B61702600560D38 /* HomeView.swift */,
				B0CA6C522B63E0DE001FDB43 /* AddUserView.swift */,
				B084E91B2B67917A00608FE0 /* TestView.swift */,
				B048490C2B6B270D003F8CF4 /* EmergencyView.swift */,
			);
			path = View;
			sourceTree = "<group>";
		};
		B001DF722B61B97A0074155E /* Model */ = {
			isa = PBXGroup;
			children = (
				B0C18D1C2B586D8400C3D373 /* Item.swift */,
				B001DF732B61B9B70074155E /* Tab.swift */,
				B048490E2B6B32A3003F8CF4 /* User.swift */,
				B055ECBC2B71748000F3AEDC /* MediaType.swift */,
				B055ECBE2B7174AF00F3AEDC /* MediaContent.swift */,
				B055ECC02B71757800F3AEDC /* Post.swift */,
			);
			path = Model;
			sourceTree = "<group>";
		};
		B055ECC22B71A7B700F3AEDC /* App */ = {
			isa = PBXGroup;
			children = (
				B0C18D182B586D8400C3D373 /* VIHve_LibreApp.swift */,
			);
			path = App;
			sourceTree = "<group>";
		};
		B055ECC32B71A7D300F3AEDC /* Core */ = {
			isa = PBXGroup;
			children = (
				B055ECC42B71A80800F3AEDC /* ViewModel */,
				B001DF722B61B97A0074155E /* Model */,
				B00153452B61703500560D38 /* View */,
			);
			path = Core;
			sourceTree = "<group>";
		};
		B055ECC42B71A80800F3AEDC /* ViewModel */ = {
			isa = PBXGroup;
			children = (
			);
			path = ViewModel;
			sourceTree = "<group>";
		};
		B0C18D0C2B586D8400C3D373 = {
			isa = PBXGroup;
			children = (
				B058484F2B809BAE009E6452 /* GoogleService-Info.plist */,
				B0C18D172B586D8400C3D373 /* VIHveLibre */,
				B0C18D162B586D8400C3D373 /* Products */,
			);
			sourceTree = "<group>";
		};
		B0C18D162B586D8400C3D373 /* Products */ = {
			isa = PBXGroup;
			children = (
				B0C18D152B586D8400C3D373 /* VIHveLibre.app */,
			);
			name = Products;
			sourceTree = "<group>";
		};
		B0C18D172B586D8400C3D373 /* VIHveLibre */ = {
			isa = PBXGroup;
			children = (
				B055ECC32B71A7D300F3AEDC /* Core */,
				B055ECC22B71A7B700F3AEDC /* App */,
				B00153462B61AD3F00560D38 /* Launch Screen.storyboard */,
				B0C18D1E2B586D8500C3D373 /* Assets.xcassets */,
				B0C18D202B586D8500C3D373 /* Preview Content */,
			);
			path = VIHveLibre;
			sourceTree = "<group>";
		};
		B0C18D202B586D8500C3D373 /* Preview Content */ = {
			isa = PBXGroup;
			children = (
				B0C18D212B586D8500C3D373 /* Preview Assets.xcassets */,
			);
			path = "Preview Content";
			sourceTree = "<group>";
		};
/* End PBXGroup section */

/* Begin PBXNativeTarget section */
		B0C18D142B586D8400C3D373 /* VIHveLibre */ = {
			isa = PBXNativeTarget;
			buildConfigurationList = B0C18D252B586D8500C3D373 /* Build configuration list for PBXNativeTarget "VIHveLibre" */;
			buildPhases = (
				B0C18D112B586D8400C3D373 /* Sources */,
				B0C18D122B586D8400C3D373 /* Frameworks */,
				B0C18D132B586D8400C3D373 /* Resources */,
				B06DA01E2B635B0600EFA64E /* Embed Frameworks */,
			);
			buildRules = (
			);
			dependencies = (
			);
			name = VIHveLibre;
			packageProductDependencies = (
				B04E89FA2B8094A80005A2C4 /* FirebaseAnalytics */,
				B04E89FC2B8094A80005A2C4 /* FirebaseAnalyticsOnDeviceConversion */,
				B04E89FE2B8094A80005A2C4 /* FirebaseAnalyticsSwift */,
				B04E8A002B8094A80005A2C4 /* FirebaseAnalyticsWithoutAdIdSupport */,
				B04E8A022B8094A80005A2C4 /* FirebaseAppCheck */,
			);
			productName = "VIHve Libre";
			productReference = B0C18D152B586D8400C3D373 /* VIHveLibre.app */;
			productType = "com.apple.product-type.application";
		};
/* End PBXNativeTarget section */

/* Begin PBXProject section */
		B0C18D0D2B586D8400C3D373 /* Project object */ = {
			isa = PBXProject;
			attributes = {
				BuildIndependentTargetsInParallel = 1;
				LastSwiftUpdateCheck = 1510;
				LastUpgradeCheck = 1510;
				TargetAttributes = {
					B0C18D142B586D8400C3D373 = {
						CreatedOnToolsVersion = 15.1;
					};
				};
			};
			buildConfigurationList = B0C18D102B586D8400C3D373 /* Build configuration list for PBXProject "VIHveLibre" */;
			compatibilityVersion = "Xcode 14.0";
			developmentRegion = en;
			hasScannedForEncodings = 0;
			knownRegions = (
				en,
				Base,
			);
			mainGroup = B0C18D0C2B586D8400C3D373;
			packageReferences = (
				B0CA6C3F2B63D6CB001FDB43 /* XCRemoteSwiftPackageReference "firebase-ios-sdk" */,
				B0CA6C512B63DFD3001FDB43 /* XCRemoteSwiftPackageReference "SwiftUIRefresh" */,
			);
			productRefGroup = B0C18D162B586D8400C3D373 /* Products */;
			projectDirPath = "";
			projectRoot = "";
			targets = (
				B0C18D142B586D8400C3D373 /* VIHveLibre */,
			);
		};
/* End PBXProject section */

/* Begin PBXResourcesBuildPhase section */
		B0C18D132B586D8400C3D373 /* Resources */ = {
			isa = PBXResourcesBuildPhase;
			buildActionMask = 2147483647;
			files = (
				B00153472B61AD3F00560D38 /* Launch Screen.storyboard in Resources */,
				B05848502B809BAE009E6452 /* GoogleService-Info.plist in Resources */,
				B0C18D222B586D8500C3D373 /* Preview Assets.xcassets in Resources */,
				B0C18D1F2B586D8500C3D373 /* Assets.xcassets in Resources */,
			);
			runOnlyForDeploymentPostprocessing = 0;
		};
/* End PBXResourcesBuildPhase section */

/* Begin PBXSourcesBuildPhase section */
		B0C18D112B586D8400C3D373 /* Sources */ = {
			isa = PBXSourcesBuildPhase;
			buildActionMask = 2147483647;
			files = (
				B055ECBD2B71748000F3AEDC /* MediaType.swift in Sources */,
				B048490D2B6B270D003F8CF4 /* EmergencyView.swift in Sources */,
				B084E91C2B67917A00608FE0 /* TestView.swift in Sources */,
				B055ECC12B71757800F3AEDC /* Post.swift in Sources */,
				B0CA6C532B63E0DE001FDB43 /* AddUserView.swift in Sources */,
				B0C18D1B2B586D8400C3D373 /* ContentView.swift in Sources */,
				B00153442B61702600560D38 /* HomeView.swift in Sources */,
				B055ECBF2B7174AF00F3AEDC /* MediaContent.swift in Sources */,
				B048490F2B6B32A3003F8CF4 /* User.swift in Sources */,
				B001DF742B61B9B70074155E /* Tab.swift in Sources */,
				B0C18D1D2B586D8400C3D373 /* Item.swift in Sources */,
				B0C18D192B586D8400C3D373 /* VIHve_LibreApp.swift in Sources */,
			);
			runOnlyForDeploymentPostprocessing = 0;
		};
/* End PBXSourcesBuildPhase section */

/* Begin XCBuildConfiguration section */
		B0C18D232B586D8500C3D373 /* Debug */ = {
			isa = XCBuildConfiguration;
			buildSettings = {
				ALWAYS_SEARCH_USER_PATHS = NO;
				ASSETCATALOG_COMPILER_GENERATE_SWIFT_ASSET_SYMBOL_EXTENSIONS = YES;
				CLANG_ANALYZER_NONNULL = YES;
				CLANG_ANALYZER_NUMBER_OBJECT_CONVERSION = YES_AGGRESSIVE;
				CLANG_CXX_LANGUAGE_STANDARD = "gnu++20";
				CLANG_ENABLE_MODULES = YES;
				CLANG_ENABLE_OBJC_ARC = YES;
				CLANG_ENABLE_OBJC_WEAK = YES;
				CLANG_WARN_BLOCK_CAPTURE_AUTORELEASING = YES;
				CLANG_WARN_BOOL_CONVERSION = YES;
				CLANG_WARN_COMMA = YES;
				CLANG_WARN_CONSTANT_CONVERSION = YES;
				CLANG_WARN_DEPRECATED_OBJC_IMPLEMENTATIONS = YES;
				CLANG_WARN_DIRECT_OBJC_ISA_USAGE = YES_ERROR;
				CLANG_WARN_DOCUMENTATION_COMMENTS = YES;
				CLANG_WARN_EMPTY_BODY = YES;
				CLANG_WARN_ENUM_CONVERSION = YES;
				CLANG_WARN_INFINITE_RECURSION = YES;
				CLANG_WARN_INT_CONVERSION = YES;
				CLANG_WARN_NON_LITERAL_NULL_CONVERSION = YES;
				CLANG_WARN_OBJC_IMPLICIT_RETAIN_SELF = YES;
				CLANG_WARN_OBJC_LITERAL_CONVERSION = YES;
				CLANG_WARN_OBJC_ROOT_CLASS = YES_ERROR;
				CLANG_WARN_QUOTED_INCLUDE_IN_FRAMEWORK_HEADER = YES;
				CLANG_WARN_RANGE_LOOP_ANALYSIS = YES;
				CLANG_WARN_STRICT_PROTOTYPES = YES;
				CLANG_WARN_SUSPICIOUS_MOVE = YES;
				CLANG_WARN_UNGUARDED_AVAILABILITY = YES_AGGRESSIVE;
				CLANG_WARN_UNREACHABLE_CODE = YES;
				CLANG_WARN__DUPLICATE_METHOD_MATCH = YES;
				COPY_PHASE_STRIP = NO;
				DEBUG_INFORMATION_FORMAT = dwarf;
				ENABLE_STRICT_OBJC_MSGSEND = YES;
				ENABLE_TESTABILITY = YES;
				ENABLE_USER_SCRIPT_SANDBOXING = YES;
				"FRAMEWORK_SEARCH_PATHS[arch=*]" = "$(inherited)";
				GCC_C_LANGUAGE_STANDARD = gnu17;
				GCC_DYNAMIC_NO_PIC = NO;
				GCC_NO_COMMON_BLOCKS = YES;
				GCC_OPTIMIZATION_LEVEL = 0;
				GCC_PREPROCESSOR_DEFINITIONS = (
					"DEBUG=1",
					"$(inherited)",
				);
				GCC_WARN_64_TO_32_BIT_CONVERSION = YES;
				GCC_WARN_ABOUT_RETURN_TYPE = YES_ERROR;
				GCC_WARN_UNDECLARED_SELECTOR = YES;
				GCC_WARN_UNINITIALIZED_AUTOS = YES_AGGRESSIVE;
				GCC_WARN_UNUSED_FUNCTION = YES;
				GCC_WARN_UNUSED_VARIABLE = YES;
				IPHONEOS_DEPLOYMENT_TARGET = 17.0;
				LOCALIZATION_PREFERS_STRING_CATALOGS = YES;
				MTL_ENABLE_DEBUG_INFO = INCLUDE_SOURCE;
				MTL_FAST_MATH = YES;
				ONLY_ACTIVE_ARCH = YES;
				SDKROOT = iphoneos;
				SWIFT_ACTIVE_COMPILATION_CONDITIONS = "DEBUG $(inherited)";
				SWIFT_OPTIMIZATION_LEVEL = "-Onone";
			};
			name = Debug;
		};
		B0C18D242B586D8500C3D373 /* Release */ = {
			isa = XCBuildConfiguration;
			buildSettings = {
				ALWAYS_SEARCH_USER_PATHS = NO;
				ASSETCATALOG_COMPILER_GENERATE_SWIFT_ASSET_SYMBOL_EXTENSIONS = YES;
				CLANG_ANALYZER_NONNULL = YES;
				CLANG_ANALYZER_NUMBER_OBJECT_CONVERSION = YES_AGGRESSIVE;
				CLANG_CXX_LANGUAGE_STANDARD = "gnu++20";
				CLANG_ENABLE_MODULES = YES;
				CLANG_ENABLE_OBJC_ARC = YES;
				CLANG_ENABLE_OBJC_WEAK = YES;
				CLANG_WARN_BLOCK_CAPTURE_AUTORELEASING = YES;
				CLANG_WARN_BOOL_CONVERSION = YES;
				CLANG_WARN_COMMA = YES;
				CLANG_WARN_CONSTANT_CONVERSION = YES;
				CLANG_WARN_DEPRECATED_OBJC_IMPLEMENTATIONS = YES;
				CLANG_WARN_DIRECT_OBJC_ISA_USAGE = YES_ERROR;
				CLANG_WARN_DOCUMENTATION_COMMENTS = YES;
				CLANG_WARN_EMPTY_BODY = YES;
				CLANG_WARN_ENUM_CONVERSION = YES;
				CLANG_WARN_INFINITE_RECURSION = YES;
				CLANG_WARN_INT_CONVERSION = YES;
				CLANG_WARN_NON_LITERAL_NULL_CONVERSION = YES;
				CLANG_WARN_OBJC_IMPLICIT_RETAIN_SELF = YES;
				CLANG_WARN_OBJC_LITERAL_CONVERSION = YES;
				CLANG_WARN_OBJC_ROOT_CLASS = YES_ERROR;
				CLANG_WARN_QUOTED_INCLUDE_IN_FRAMEWORK_HEADER = YES;
				CLANG_WARN_RANGE_LOOP_ANALYSIS = YES;
				CLANG_WARN_STRICT_PROTOTYPES = YES;
				CLANG_WARN_SUSPICIOUS_MOVE = YES;
				CLANG_WARN_UNGUARDED_AVAILABILITY = YES_AGGRESSIVE;
				CLANG_WARN_UNREACHABLE_CODE = YES;
				CLANG_WARN__DUPLICATE_METHOD_MATCH = YES;
				COPY_PHASE_STRIP = NO;
				DEBUG_INFORMATION_FORMAT = "dwarf-with-dsym";
				ENABLE_NS_ASSERTIONS = NO;
				ENABLE_STRICT_OBJC_MSGSEND = YES;
				ENABLE_USER_SCRIPT_SANDBOXING = YES;
				"FRAMEWORK_SEARCH_PATHS[arch=*]" = "$(inherited)";
				GCC_C_LANGUAGE_STANDARD = gnu17;
				GCC_NO_COMMON_BLOCKS = YES;
				GCC_WARN_64_TO_32_BIT_CONVERSION = YES;
				GCC_WARN_ABOUT_RETURN_TYPE = YES_ERROR;
				GCC_WARN_UNDECLARED_SELECTOR = YES;
				GCC_WARN_UNINITIALIZED_AUTOS = YES_AGGRESSIVE;
				GCC_WARN_UNUSED_FUNCTION = YES;
				GCC_WARN_UNUSED_VARIABLE = YES;
				IPHONEOS_DEPLOYMENT_TARGET = 17.0;
				LOCALIZATION_PREFERS_STRING_CATALOGS = YES;
				MTL_ENABLE_DEBUG_INFO = NO;
				MTL_FAST_MATH = YES;
				SDKROOT = iphoneos;
				SWIFT_COMPILATION_MODE = wholemodule;
				VALIDATE_PRODUCT = YES;
			};
			name = Release;
		};
		B0C18D262B586D8500C3D373 /* Debug */ = {
			isa = XCBuildConfiguration;
			buildSettings = {
				ASSETCATALOG_COMPILER_APPICON_NAME = AppIcon;
				ASSETCATALOG_COMPILER_GLOBAL_ACCENT_COLOR_NAME = AccentColor;
				CODE_SIGN_STYLE = Automatic;
				CURRENT_PROJECT_VERSION = 1;
				DEVELOPMENT_ASSET_PATHS = "\"VIHveLibre/Preview Content\"";
				DEVELOPMENT_TEAM = PUJJ5R9383;
				ENABLE_PREVIEWS = YES;
				FRAMEWORK_SEARCH_PATHS = "";
				GENERATE_INFOPLIST_FILE = YES;
				INFOPLIST_KEY_LSApplicationCategoryType = "public.app-category.social-networking";
				INFOPLIST_KEY_UIApplicationSceneManifest_Generation = YES;
				INFOPLIST_KEY_UIApplicationSupportsIndirectInputEvents = YES;
				INFOPLIST_KEY_UILaunchScreen_Generation = YES;
				INFOPLIST_KEY_UILaunchStoryboardName = "Launch Screen.storyboard";
				INFOPLIST_KEY_UISupportedInterfaceOrientations_iPad = "UIInterfaceOrientationPortrait UIInterfaceOrientationPortraitUpsideDown UIInterfaceOrientationLandscapeLeft UIInterfaceOrientationLandscapeRight";
				INFOPLIST_KEY_UISupportedInterfaceOrientations_iPhone = "UIInterfaceOrientationPortrait UIInterfaceOrientationLandscapeLeft UIInterfaceOrientationLandscapeRight";
				LD_RUNPATH_SEARCH_PATHS = (
					"$(inherited)",
					"@executable_path/Frameworks",
				);
				MARKETING_VERSION = 1.0;
				OTHER_LDFLAGS = "";
				PRODUCT_BUNDLE_IDENTIFIER = com.vihvelibre.app;
				PRODUCT_NAME = "$(TARGET_NAME)";
				REEXPORTED_FRAMEWORK_NAMES = "";
				SWIFT_EMIT_LOC_STRINGS = YES;
				SWIFT_VERSION = 5.0;
				TARGETED_DEVICE_FAMILY = "1,2";
			};
			name = Debug;
		};
		B0C18D272B586D8500C3D373 /* Release */ = {
			isa = XCBuildConfiguration;
			buildSettings = {
				ASSETCATALOG_COMPILER_APPICON_NAME = AppIcon;
				ASSETCATALOG_COMPILER_GLOBAL_ACCENT_COLOR_NAME = AccentColor;
				CODE_SIGN_STYLE = Automatic;
				CURRENT_PROJECT_VERSION = 1;
				DEVELOPMENT_ASSET_PATHS = "\"VIHveLibre/Preview Content\"";
				DEVELOPMENT_TEAM = PUJJ5R9383;
				ENABLE_PREVIEWS = YES;
				FRAMEWORK_SEARCH_PATHS = "";
				GENERATE_INFOPLIST_FILE = YES;
				INFOPLIST_KEY_LSApplicationCategoryType = "public.app-category.social-networking";
				INFOPLIST_KEY_UIApplicationSceneManifest_Generation = YES;
				INFOPLIST_KEY_UIApplicationSupportsIndirectInputEvents = YES;
				INFOPLIST_KEY_UILaunchScreen_Generation = YES;
				INFOPLIST_KEY_UILaunchStoryboardName = "Launch Screen.storyboard";
				INFOPLIST_KEY_UISupportedInterfaceOrientations_iPad = "UIInterfaceOrientationPortrait UIInterfaceOrientationPortraitUpsideDown UIInterfaceOrientationLandscapeLeft UIInterfaceOrientationLandscapeRight";
				INFOPLIST_KEY_UISupportedInterfaceOrientations_iPhone = "UIInterfaceOrientationPortrait UIInterfaceOrientationLandscapeLeft UIInterfaceOrientationLandscapeRight";
				LD_RUNPATH_SEARCH_PATHS = (
					"$(inherited)",
					"@executable_path/Frameworks",
				);
				MARKETING_VERSION = 1.0;
				OTHER_LDFLAGS = "";
				PRODUCT_BUNDLE_IDENTIFIER = com.vihvelibre.app;
				PRODUCT_NAME = "$(TARGET_NAME)";
				REEXPORTED_FRAMEWORK_NAMES = "";
				SWIFT_EMIT_LOC_STRINGS = YES;
				SWIFT_VERSION = 5.0;
				TARGETED_DEVICE_FAMILY = "1,2";
			};
			name = Release;
		};
/* End XCBuildConfiguration section */

/* Begin XCConfigurationList section */
		B0C18D102B586D8400C3D373 /* Build configuration list for PBXProject "VIHveLibre" */ = {
			isa = XCConfigurationList;
			buildConfigurations = (
				B0C18D232B586D8500C3D373 /* Debug */,
				B0C18D242B586D8500C3D373 /* Release */,
			);
			defaultConfigurationIsVisible = 0;
			defaultConfigurationName = Release;
		};
		B0C18D252B586D8500C3D373 /* Build configuration list for PBXNativeTarget "VIHveLibre" */ = {
			isa = XCConfigurationList;
			buildConfigurations = (
				B0C18D262B586D8500C3D373 /* Debug */,
				B0C18D272B586D8500C3D373 /* Release */,
			);
			defaultConfigurationIsVisible = 0;
			defaultConfigurationName = Release;
		};
/* End XCConfigurationList section */

/* Begin XCRemoteSwiftPackageReference section */
		B0CA6C3F2B63D6CB001FDB43 /* XCRemoteSwiftPackageReference "firebase-ios-sdk" */ = {
			isa = XCRemoteSwiftPackageReference;
			repositoryURL = "https://github.com/firebase/firebase-ios-sdk";
			requirement = {
				kind = upToNextMajorVersion;
				minimumVersion = 10.20.0;
			};
		};
		B0CA6C512B63DFD3001FDB43 /* XCRemoteSwiftPackageReference "SwiftUIRefresh" */ = {
			isa = XCRemoteSwiftPackageReference;
			repositoryURL = "https://github.com/timbersoftware/SwiftUIRefresh.git";
			requirement = {
				kind = upToNextMajorVersion;
				minimumVersion = 0.0.3;
			};
		};
/* End XCRemoteSwiftPackageReference section */

/* Begin XCSwiftPackageProductDependency section */
		B04E89FA2B8094A80005A2C4 /* FirebaseAnalytics */ = {
			isa = XCSwiftPackageProductDependency;
			package = B0CA6C3F2B63D6CB001FDB43 /* XCRemoteSwiftPackageReference "firebase-ios-sdk" */;
			productName = FirebaseAnalytics;
		};
		B04E89FC2B8094A80005A2C4 /* FirebaseAnalyticsOnDeviceConversion */ = {
			isa = XCSwiftPackageProductDependency;
			package = B0CA6C3F2B63D6CB001FDB43 /* XCRemoteSwiftPackageReference "firebase-ios-sdk" */;
			productName = FirebaseAnalyticsOnDeviceConversion;
		};
		B04E89FE2B8094A80005A2C4 /* FirebaseAnalyticsSwift */ = {
			isa = XCSwiftPackageProductDependency;
			package = B0CA6C3F2B63D6CB001FDB43 /* XCRemoteSwiftPackageReference "firebase-ios-sdk" */;
			productName = FirebaseAnalyticsSwift;
		};
		B04E8A002B8094A80005A2C4 /* FirebaseAnalyticsWithoutAdIdSupport */ = {
			isa = XCSwiftPackageProductDependency;
			package = B0CA6C3F2B63D6CB001FDB43 /* XCRemoteSwiftPackageReference "firebase-ios-sdk" */;
			productName = FirebaseAnalyticsWithoutAdIdSupport;
		};
		B04E8A022B8094A80005A2C4 /* FirebaseAppCheck */ = {
			isa = XCSwiftPackageProductDependency;
			package = B0CA6C3F2B63D6CB001FDB43 /* XCRemoteSwiftPackageReference "firebase-ios-sdk" */;
			productName = FirebaseAppCheck;
		};
/* End XCSwiftPackageProductDependency section */
	};
	rootObject = B0C18D0D2B586D8400C3D373 /* Project object */;
}
